
Microsoft Visual Studio Solution File, Format Version 12.00
# Visual Studio 15
VisualStudioVersion = 15.0.26730.8
MinimumVisualStudioVersion = 10.0.40219.1
Project("{888888A0-9F3D-457C-B088-3A5042F75D52}") = "PStudy", "PStudy\PStudy\PStudy.pyproj", "{F23E4C92-5E87-490C-969C-9CAF7678805D}"
EndProject
Project("{888888A0-9F3D-457C-B088-3A5042F75D52}") = "LeetcodeP", "LeetcodeP\LeetcodeP.pyproj", "{2DCAF166-3778-4B8D-BAE1-9BDD6661DE01}"
EndProject
Global
	GlobalSection(SolutionConfigurationPlatforms) = preSolution
		Debug|Any CPU = Debug|Any CPU
		Release|Any CPU = Release|Any CPU
	EndGlobalSection
	GlobalSection(ProjectConfigurationPlatforms) = postSolution
		{F23E4C92-5E87-490C-969C-9CAF7678805D}.Debug|Any CPU.ActiveCfg = Debug|Any CPU
		{F23E4C92-5E87-490C-969C-9CAF7678805D}.Release|Any CPU.ActiveCfg = Release|Any CPU
		{2DCAF166-3778-4B8D-BAE1-9BDD6661DE01}.Debug|Any CPU.ActiveCfg = Debug|Any CPU
		{2DCAF166-3778-4B8D-BAE1-9BDD6661DE01}.Release|Any CPU.ActiveCfg = Release|Any CPU
	EndGlobalSection
	GlobalSection(SolutionProperties) = preSolution
		HideSolutionNode = FALSE
	EndGlobalSection
	GlobalSection(ExtensibilityGlobals) = postSolution
		SolutionGuid = {947B1F76-E0EB-4C61-BDF6-29DA0137B137}
	EndGlobalSection
EndGlobal
